
Microsoft Visual Studio Solution File, Format Version 12.00
# Visual Studio Version 17
VisualStudioVersion = 17.8.34330.188
MinimumVisualStudioVersion = 10.0.40219.1
Project("{9A19103F-16F7-4668-BE54-9A1E7A4F7556}") = "MassTransitRequestResponseWebApi2", "MassTransitRequestResponseWebApi2.csproj", "{02BD8681-2D30-463E-822C-0D22DDAFA3FD}"
EndProject
Global
	GlobalSection(SolutionConfigurationPlatforms) = preSolution
		Debug|Any CPU = Debug|Any CPU
		Release|Any CPU = Release|Any CPU
	EndGlobalSection
	GlobalSection(ProjectConfigurationPlatforms) = postSolution
		{02BD8681-2D30-463E-822C-0D22DDAFA3FD}.Debug|Any CPU.ActiveCfg = Debug|Any CPU
		{02BD8681-2D30-463E-822C-0D22DDAFA3FD}.Debug|Any CPU.Build.0 = Debug|Any CPU
		{02BD8681-2D30-463E-822C-0D22DDAFA3FD}.Release|Any CPU.ActiveCfg = Release|Any CPU
		{02BD8681-2D30-463E-822C-0D22DDAFA3FD}.Release|Any CPU.Build.0 = Release|Any CPU
	EndGlobalSection
	GlobalSection(SolutionProperties) = preSolution
		HideSolutionNode = FALSE
	EndGlobalSection
	GlobalSection(ExtensibilityGlobals) = postSolution
		SolutionGuid = {D531C426-40FB-444B-BDD8-F2C4425C015A}
	EndGlobalSection
EndGlobal
