
Microsoft Visual Studio Solution File, Format Version 12.00
# Visual Studio Version 17
VisualStudioVersion = 17.8.34330.188
MinimumVisualStudioVersion = 10.0.40219.1
Project("{9A19103F-16F7-4668-BE54-9A1E7A4F7556}") = "MassTransitRequestResponseWebApi2", "MassTransitRequestResponseWebApi2.csproj", "{1C70463A-6E54-4942-8445-3B1F28C80C9D}"
EndProject
Global
	GlobalSection(SolutionConfigurationPlatforms) = preSolution
		Debug|Any CPU = Debug|Any CPU
		Release|Any CPU = Release|Any CPU
	EndGlobalSection
	GlobalSection(ProjectConfigurationPlatforms) = postSolution
		{1C70463A-6E54-4942-8445-3B1F28C80C9D}.Debug|Any CPU.ActiveCfg = Debug|Any CPU
		{1C70463A-6E54-4942-8445-3B1F28C80C9D}.Debug|Any CPU.Build.0 = Debug|Any CPU
		{1C70463A-6E54-4942-8445-3B1F28C80C9D}.Release|Any CPU.ActiveCfg = Release|Any CPU
		{1C70463A-6E54-4942-8445-3B1F28C80C9D}.Release|Any CPU.Build.0 = Release|Any CPU
	EndGlobalSection
	GlobalSection(SolutionProperties) = preSolution
		HideSolutionNode = FALSE
	EndGlobalSection
	GlobalSection(ExtensibilityGlobals) = postSolution
		SolutionGuid = {5AC58D7A-75DE-42B4-AFB7-F1D070F2BFD4}
	EndGlobalSection
EndGlobal
